github.com/emersion/go-imap v1.0.0-beta.1.0.20180319181901-b63c7c7011cb h1:vrU9clcMQcyh/5CEKvIpig1zRmtDmyMcBY08MhhpvD8=
github.com/emersion/go-imap v1.0.0-beta.1.0.20180319181901-b63c7c7011cb/go.mod h1:oydmHwiyv92ZOiNfQY9BDax5heePWN8P2+W1B2T6qjc=
github.com/emersion/go-message v0.9.2-0.20180321173051-51445bfdc558 h1:lPY6awq1rK4xEF2Qfw7vV2HczOWQRul8v8xEmTtRxDs=
github.com/emersion/go-message v0.9.2-0.20180321173051-51445bfdc558/go.mod h1:m3cK90skCWxm5sIMs1sXxly4Tn9Plvcf6eayHZJ1NzM=
github.com/emersion/go-sasl v0.0.0-20161116183048-7e096a0a6197 h1:rDJPbyliyym8ZL/Wt71kdolp6yaD4fLIQz638E6JEt0=
github.com/emersion/go-sasl v0.0.0-20161116183048-7e096a0a6197/go.mod h1:G/dpzLu16WtQpBfQ/z3LYiYJn3ZhKSGWn83fyoyQe/k=
github.com/emersion/go-textwrapper v0.0.0-20160606182133-d0e65e56babe h1:40SWqY0zE3qCi6ZrtTf5OUdNm5lDnGnjRSq9GgmeTrg=
github.com/emersion/go-textwrapper v0.0.0-20160606182133-d0e65e56babe/go.mod h1:aqO8z8wPrjkscevZJFVE1wXJrLpC5LtJG7fqLOsPb2U=
github.com/hashicorp/logutils v0.0.0-20150609070431-0dc08b1671f3 h1:oD64EFjELI9RY9yoWlfua58r+etdnoIC871z+rr6lkA=
github.com/hashicorp/logutils v0.0.0-20150609070431-0dc08b1671f3/go.mod h1:QIAnNjmIWmVIIkWDTG1z5v++HQmx9WQRO+LraFDTW64=
golang.org/x/text v0.3.1-0.20180410181320-7922cc490dd5 h1:23hw054QGj0KDkhDTmeMTzaawNqHp/Q5B65f8TTG3vg=
golang.org/x/text v0.3.1-0.20180410181320-7922cc490dd5/go.mod h1:NqM8EUOU14njkJ3fqMW+pc6Ldnwhi/IjpwHt7yyuwOQ=
gopkg.in/check.v1 v0.0.0-20161208181325-20d25e280405/go.mod h1:Co6ibVJAznAaIkqp8huTwlJQCZ016jof/cbN4VW5Yz0=
gopkg.in/yaml.v2 v2.2.1 h1:mUhvW9EsL+naU5Q3cakzfE91YhliOondGd6ZrsDBHQE=
gopkg.in/yaml.v2 v2.2.1/go.mod h1:hI93XBmqTisBFMUTm0b8Fm+jr3Dg1NNxqwp+5A1VGuI=
